
Microsoft Visual Studio Solution File, Format Version 11.00
# Visual Studio 2010
Project("{FAE04EC0-301F-11D3-BF4B-00C04F79EFBC}") = "StarWarrior", "WindowsGame1\WindowsGame1\StarWarrior.csproj", "{2812F1D6-08A4-442A-9593-DC389EA9FB32}"
EndProject
Global
	GlobalSection(SolutionConfigurationPlatforms) = preSolution
		Debug|Mixed Platforms = Debug|Mixed Platforms
		Debug|Windows Phone = Debug|Windows Phone
		Debug|x86 = Debug|x86
		Debug|Xbox 360 = Debug|Xbox 360
		Release|Mixed Platforms = Release|Mixed Platforms
		Release|Windows Phone = Release|Windows Phone
		Release|x86 = Release|x86
		Release|Xbox 360 = Release|Xbox 360
	EndGlobalSection
	GlobalSection(ProjectConfigurationPlatforms) = postSolution
		{2812F1D6-08A4-442A-9593-DC389EA9FB32}.Debug|Mixed Platforms.ActiveCfg = Debug|x86
		{2812F1D6-08A4-442A-9593-DC389EA9FB32}.Debug|Mixed Platforms.Build.0 = Debug|x86
		{2812F1D6-08A4-442A-9593-DC389EA9FB32}.Debug|Windows Phone.ActiveCfg = Debug|x86
		{2812F1D6-08A4-442A-9593-DC389EA9FB32}.Debug|Windows Phone.Build.0 = Debug|x86
		{2812F1D6-08A4-442A-9593-DC389EA9FB32}.Debug|x86.ActiveCfg = Debug|x86
		{2812F1D6-08A4-442A-9593-DC389EA9FB32}.Debug|x86.Build.0 = Debug|x86
		{2812F1D6-08A4-442A-9593-DC389EA9FB32}.Debug|Xbox 360.ActiveCfg = Debug|x86
		{2812F1D6-08A4-442A-9593-DC389EA9FB32}.Debug|Xbox 360.Build.0 = Debug|x86
		{2812F1D6-08A4-442A-9593-DC389EA9FB32}.Release|Mixed Platforms.ActiveCfg = Release|x86
		{2812F1D6-08A4-442A-9593-DC389EA9FB32}.Release|Mixed Platforms.Build.0 = Release|x86
		{2812F1D6-08A4-442A-9593-DC389EA9FB32}.Release|Windows Phone.ActiveCfg = Release|x86
		{2812F1D6-08A4-442A-9593-DC389EA9FB32}.Release|Windows Phone.Build.0 = Release|x86
		{2812F1D6-08A4-442A-9593-DC389EA9FB32}.Release|x86.ActiveCfg = Release|x86
		{2812F1D6-08A4-442A-9593-DC389EA9FB32}.Release|x86.Build.0 = Release|x86
		{2812F1D6-08A4-442A-9593-DC389EA9FB32}.Release|Xbox 360.ActiveCfg = Release|x86
		{2812F1D6-08A4-442A-9593-DC389EA9FB32}.Release|Xbox 360.Build.0 = Release|x86
		{081B67B6-F48A-4C30-9EFF-A4DFF2E498F5}.Debug|Mixed Platforms.Deploy.0 = Debug|Windows Phone
		{081B67B6-F48A-4C30-9EFF-A4DFF2E498F5}.Debug|Windows Phone.Deploy.0 = Debug|Windows Phone
		{081B67B6-F48A-4C30-9EFF-A4DFF2E498F5}.Release|Mixed Platforms.Deploy.0 = Release|Windows Phone
		{081B67B6-F48A-4C30-9EFF-A4DFF2E498F5}.Release|Windows Phone.Deploy.0 = Release|Windows Phone
		{B0B2606A-F465-410D-AF46-55506DC8F360}.Debug|Mixed Platforms.Deploy.0 = Debug|Xbox 360
		{B0B2606A-F465-410D-AF46-55506DC8F360}.Debug|Xbox 360.Deploy.0 = Debug|Xbox 360
		{B0B2606A-F465-410D-AF46-55506DC8F360}.Release|Mixed Platforms.Deploy.0 = Release|Xbox 360
		{B0B2606A-F465-410D-AF46-55506DC8F360}.Release|Xbox 360.Deploy.0 = Release|Xbox 360
	EndGlobalSection
	GlobalSection(MonoDevelopProperties) = preSolution
		StartupItem = WindowsGame1\WindowsGame1\StarWarrior.csproj
		Policies = $0
		$0.DotNetNamingPolicy = $1
		$1.DirectoryNamespaceAssociation = None
		$1.ResourceNamePolicy = FileFormatDefault
		$0.TextStylePolicy = $2
		$2.FileWidth = 120
		$2.TabWidth = 4
		$2.inheritsSet = Mono
		$2.inheritsScope = text/plain
		$2.scope = text/plain
		$0.VersionControlPolicy = $3
		$3.inheritsSet = Mono
		$0.ChangeLogPolicy = $4
		$4.UpdateMode = None
		$4.MessageStyle = $5
		$5.LineAlign = 0
		$4.inheritsSet = Mono
	EndGlobalSection
	GlobalSection(SolutionProperties) = preSolution
		HideSolutionNode = FALSE
	EndGlobalSection
EndGlobal
