
Microsoft Visual Studio Solution File, Format Version 11.00
# Visual C# Express 2010
Project("{FAE04EC0-301F-11D3-BF4B-00C04F79EFBC}") = "StarWarrior", "StarWarrior\PloobsProjectTemplate\StarWarrior.csproj", "{111ED9FB-355D-4378-A316-E122080652B4}"
EndProject
Project("{96E2B04D-8817-42C6-938A-82C39BA4D311}") = "PloobsProjectTemplateContent", "StarWarrior\PloobsProjectTemplateContent\PloobsProjectTemplateContent.contentproj", "{1848855D-6629-4E24-B8C3-89E51D7F2E0E}"
EndProject
Global
	GlobalSection(SolutionConfigurationPlatforms) = preSolution
		Debug|x86 = Debug|x86
		Release|x86 = Release|x86
	EndGlobalSection
	GlobalSection(ProjectConfigurationPlatforms) = postSolution
		{111ED9FB-355D-4378-A316-E122080652B4}.Debug|x86.ActiveCfg = Debug|x86
		{111ED9FB-355D-4378-A316-E122080652B4}.Debug|x86.Build.0 = Debug|x86
		{111ED9FB-355D-4378-A316-E122080652B4}.Release|x86.ActiveCfg = Release|x86
		{111ED9FB-355D-4378-A316-E122080652B4}.Release|x86.Build.0 = Release|x86
		{1848855D-6629-4E24-B8C3-89E51D7F2E0E}.Debug|x86.ActiveCfg = Debug|x86
		{1848855D-6629-4E24-B8C3-89E51D7F2E0E}.Release|x86.ActiveCfg = Release|x86
	EndGlobalSection
	GlobalSection(SolutionProperties) = preSolution
		HideSolutionNode = FALSE
	EndGlobalSection
EndGlobal
