
Microsoft Visual Studio Solution File, Format Version 11.00
# Visual Studio 2010
Project("{FAE04EC0-301F-11D3-BF4B-00C04F79EFBC}") = "StarWarrior", "WindowsGame1\WindowsGame1\StarWarrior.csproj", "{2812F1D6-08A4-442A-9593-DC389EA9FB32}"
EndProject
Project("{FAE04EC0-301F-11D3-BF4B-00C04F79EFBC}") = "StarWarriorContent", "WindowsGame1\WindowsGame1Content\StarWarriorContent.contentproj", "{E0469A42-C861-4E3B-8874-521FCB5C2B8F}"
EndProject
Global
	GlobalSection(SolutionConfigurationPlatforms) = preSolution
		Debug|x86 = Debug|x86
		Release|x86 = Release|x86
	EndGlobalSection
	GlobalSection(ProjectConfigurationPlatforms) = postSolution
		{2812F1D6-08A4-442A-9593-DC389EA9FB32}.Debug|x86.ActiveCfg = Debug|x86
		{2812F1D6-08A4-442A-9593-DC389EA9FB32}.Debug|x86.Build.0 = Debug|x86
		{2812F1D6-08A4-442A-9593-DC389EA9FB32}.Release|x86.ActiveCfg = Release|x86
		{2812F1D6-08A4-442A-9593-DC389EA9FB32}.Release|x86.Build.0 = Release|x86
		{E0469A42-C861-4E3B-8874-521FCB5C2B8F}.Debug|x86.ActiveCfg = Debug|x86
		{E0469A42-C861-4E3B-8874-521FCB5C2B8F}.Release|x86.ActiveCfg = Release|x86
	EndGlobalSection
	GlobalSection(SolutionProperties) = preSolution
		HideSolutionNode = FALSE
	EndGlobalSection
EndGlobal
